
Microsoft Visual Studio Solution File, Format Version 12.00
# Visual Studio Version 17
VisualStudioVersion = 17.0.31903.59
MinimumVisualStudioVersion = 10.0.40219.1
Project("{2150E333-8FDC-42A3-9474-1A3956D46DE8}") = "src", "src", "{827E0CD3-B72D-47B6-A68D-7590B98EB39B}"
EndProject
Project("{FAE04EC0-301F-11D3-BF4B-00C04F79EFBC}") = "OpenFork.Cli", "src\OpenFork.Cli\OpenFork.Cli.csproj", "{A3C8B8F8-2EE5-4441-8D82-254F4176EDA1}"
EndProject
Project("{FAE04EC0-301F-11D3-BF4B-00C04F79EFBC}") = "OpenFork.Core", "src\OpenFork.Core\OpenFork.Core.csproj", "{E13D062B-2F0D-44F4-A203-9FA32A41087C}"
EndProject
Project("{FAE04EC0-301F-11D3-BF4B-00C04F79EFBC}") = "OpenFork.Providers", "src\OpenFork.Providers\OpenFork.Providers.csproj", "{2B0B14EC-AEDF-499B-86FB-3B2F98D76DA9}"
EndProject
Project("{FAE04EC0-301F-11D3-BF4B-00C04F79EFBC}") = "OpenFork.Storage", "src\OpenFork.Storage\OpenFork.Storage.csproj", "{937EDC4E-8B52-4ACC-AA40-4E46697A1BBB}"
EndProject
Project("{FAE04EC0-301F-11D3-BF4B-00C04F79EFBC}") = "OpenFork.Search", "src\OpenFork.Search\OpenFork.Search.csproj", "{F5A4B5C6-D7E8-49F0-A1B2-C3D4E5F6A7B8}"
EndProject
Global
	GlobalSection(SolutionConfigurationPlatforms) = preSolution
		Debug|Any CPU = Debug|Any CPU
		Debug|x64 = Debug|x64
		Debug|x86 = Debug|x86
		Release|Any CPU = Release|Any CPU
		Release|x64 = Release|x64
		Release|x86 = Release|x86
	EndGlobalSection
	GlobalSection(ProjectConfigurationPlatforms) = postSolution
		{A3C8B8F8-2EE5-4441-8D82-254F4176EDA1}.Debug|Any CPU.ActiveCfg = Debug|Any CPU
		{A3C8B8F8-2EE5-4441-8D82-254F4176EDA1}.Debug|Any CPU.Build.0 = Debug|Any CPU
		{A3C8B8F8-2EE5-4441-8D82-254F4176EDA1}.Debug|x64.ActiveCfg = Debug|Any CPU
		{A3C8B8F8-2EE5-4441-8D82-254F4176EDA1}.Debug|x64.Build.0 = Debug|Any CPU
		{A3C8B8F8-2EE5-4441-8D82-254F4176EDA1}.Debug|x86.ActiveCfg = Debug|Any CPU
		{A3C8B8F8-2EE5-4441-8D82-254F4176EDA1}.Debug|x86.Build.0 = Debug|Any CPU
		{A3C8B8F8-2EE5-4441-8D82-254F4176EDA1}.Release|Any CPU.ActiveCfg = Release|Any CPU
		{A3C8B8F8-2EE5-4441-8D82-254F4176EDA1}.Release|Any CPU.Build.0 = Release|Any CPU
		{A3C8B8F8-2EE5-4441-8D82-254F4176EDA1}.Release|x64.ActiveCfg = Release|Any CPU
		{A3C8B8F8-2EE5-4441-8D82-254F4176EDA1}.Release|x64.Build.0 = Release|Any CPU
		{A3C8B8F8-2EE5-4441-8D82-254F4176EDA1}.Release|x86.ActiveCfg = Release|Any CPU
		{A3C8B8F8-2EE5-4441-8D82-254F4176EDA1}.Release|x86.Build.0 = Release|Any CPU
		{E13D062B-2F0D-44F4-A203-9FA32A41087C}.Debug|Any CPU.ActiveCfg = Debug|Any CPU
		{E13D062B-2F0D-44F4-A203-9FA32A41087C}.Debug|Any CPU.Build.0 = Debug|Any CPU
		{E13D062B-2F0D-44F4-A203-9FA32A41087C}.Debug|x64.ActiveCfg = Debug|Any CPU
		{E13D062B-2F0D-44F4-A203-9FA32A41087C}.Debug|x64.Build.0 = Debug|Any CPU
		{E13D062B-2F0D-44F4-A203-9FA32A41087C}.Debug|x86.ActiveCfg = Debug|Any CPU
		{E13D062B-2F0D-44F4-A203-9FA32A41087C}.Debug|x86.Build.0 = Debug|Any CPU
		{E13D062B-2F0D-44F4-A203-9FA32A41087C}.Release|Any CPU.ActiveCfg = Release|Any CPU
		{E13D062B-2F0D-44F4-A203-9FA32A41087C}.Release|Any CPU.Build.0 = Release|Any CPU
		{E13D062B-2F0D-44F4-A203-9FA32A41087C}.Release|x64.ActiveCfg = Release|Any CPU
		{E13D062B-2F0D-44F4-A203-9FA32A41087C}.Release|x64.Build.0 = Release|Any CPU
		{E13D062B-2F0D-44F4-A203-9FA32A41087C}.Release|x86.ActiveCfg = Release|Any CPU
		{E13D062B-2F0D-44F4-A203-9FA32A41087C}.Release|x86.Build.0 = Release|Any CPU
		{2B0B14EC-AEDF-499B-86FB-3B2F98D76DA9}.Debug|Any CPU.ActiveCfg = Debug|Any CPU
		{2B0B14EC-AEDF-499B-86FB-3B2F98D76DA9}.Debug|Any CPU.Build.0 = Debug|Any CPU
		{2B0B14EC-AEDF-499B-86FB-3B2F98D76DA9}.Debug|x64.ActiveCfg = Debug|Any CPU
		{2B0B14EC-AEDF-499B-86FB-3B2F98D76DA9}.Debug|x64.Build.0 = Debug|Any CPU
		{2B0B14EC-AEDF-499B-86FB-3B2F98D76DA9}.Debug|x86.ActiveCfg = Debug|Any CPU
		{2B0B14EC-AEDF-499B-86FB-3B2F98D76DA9}.Debug|x86.Build.0 = Debug|Any CPU
		{2B0B14EC-AEDF-499B-86FB-3B2F98D76DA9}.Release|Any CPU.ActiveCfg = Release|Any CPU
		{2B0B14EC-AEDF-499B-86FB-3B2F98D76DA9}.Release|Any CPU.Build.0 = Release|Any CPU
		{2B0B14EC-AEDF-499B-86FB-3B2F98D76DA9}.Release|x64.ActiveCfg = Release|Any CPU
		{2B0B14EC-AEDF-499B-86FB-3B2F98D76DA9}.Release|x64.Build.0 = Release|Any CPU
		{2B0B14EC-AEDF-499B-86FB-3B2F98D76DA9}.Release|x86.ActiveCfg = Release|Any CPU
		{2B0B14EC-AEDF-499B-86FB-3B2F98D76DA9}.Release|x86.Build.0 = Release|Any CPU
		{937EDC4E-8B52-4ACC-AA40-4E46697A1BBB}.Debug|Any CPU.ActiveCfg = Debug|Any CPU
		{937EDC4E-8B52-4ACC-AA40-4E46697A1BBB}.Debug|Any CPU.Build.0 = Debug|Any CPU
		{937EDC4E-8B52-4ACC-AA40-4E46697A1BBB}.Debug|x64.ActiveCfg = Debug|Any CPU
		{937EDC4E-8B52-4ACC-AA40-4E46697A1BBB}.Debug|x64.Build.0 = Debug|Any CPU
		{937EDC4E-8B52-4ACC-AA40-4E46697A1BBB}.Debug|x86.ActiveCfg = Debug|Any CPU
		{937EDC4E-8B52-4ACC-AA40-4E46697A1BBB}.Debug|x86.Build.0 = Debug|Any CPU
		{937EDC4E-8B52-4ACC-AA40-4E46697A1BBB}.Release|Any CPU.ActiveCfg = Release|Any CPU
		{937EDC4E-8B52-4ACC-AA40-4E46697A1BBB}.Release|Any CPU.Build.0 = Release|Any CPU
		{937EDC4E-8B52-4ACC-AA40-4E46697A1BBB}.Release|x64.ActiveCfg = Release|Any CPU
		{937EDC4E-8B52-4ACC-AA40-4E46697A1BBB}.Release|x64.Build.0 = Release|Any CPU
		{937EDC4E-8B52-4ACC-AA40-4E46697A1BBB}.Release|x86.ActiveCfg = Release|Any CPU
		{937EDC4E-8B52-4ACC-AA40-4E46697A1BBB}.Release|x86.Build.0 = Release|Any CPU
		{F5A4B5C6-D7E8-49F0-A1B2-C3D4E5F6A7B8}.Debug|Any CPU.ActiveCfg = Debug|Any CPU
		{F5A4B5C6-D7E8-49F0-A1B2-C3D4E5F6A7B8}.Debug|Any CPU.Build.0 = Debug|Any CPU
		{F5A4B5C6-D7E8-49F0-A1B2-C3D4E5F6A7B8}.Debug|x64.ActiveCfg = Debug|Any CPU
		{F5A4B5C6-D7E8-49F0-A1B2-C3D4E5F6A7B8}.Debug|x64.Build.0 = Debug|Any CPU
		{F5A4B5C6-D7E8-49F0-A1B2-C3D4E5F6A7B8}.Debug|x86.ActiveCfg = Debug|Any CPU
		{F5A4B5C6-D7E8-49F0-A1B2-C3D4E5F6A7B8}.Debug|x86.Build.0 = Debug|Any CPU
		{F5A4B5C6-D7E8-49F0-A1B2-C3D4E5F6A7B8}.Release|Any CPU.ActiveCfg = Release|Any CPU
		{F5A4B5C6-D7E8-49F0-A1B2-C3D4E5F6A7B8}.Release|Any CPU.Build.0 = Release|Any CPU
		{F5A4B5C6-D7E8-49F0-A1B2-C3D4E5F6A7B8}.Release|x64.ActiveCfg = Release|Any CPU
		{F5A4B5C6-D7E8-49F0-A1B2-C3D4E5F6A7B8}.Release|x64.Build.0 = Release|Any CPU
		{F5A4B5C6-D7E8-49F0-A1B2-C3D4E5F6A7B8}.Release|x86.ActiveCfg = Release|Any CPU
		{F5A4B5C6-D7E8-49F0-A1B2-C3D4E5F6A7B8}.Release|x86.Build.0 = Release|Any CPU
	EndGlobalSection
	GlobalSection(SolutionProperties) = preSolution
		HideSolutionNode = FALSE
	EndGlobalSection
	GlobalSection(NestedProjects) = preSolution
		{A3C8B8F8-2EE5-4441-8D82-254F4176EDA1} = {827E0CD3-B72D-47B6-A68D-7590B98EB39B}
		{E13D062B-2F0D-44F4-A203-9FA32A41087C} = {827E0CD3-B72D-47B6-A68D-7590B98EB39B}
		{2B0B14EC-AEDF-499B-86FB-3B2F98D76DA9} = {827E0CD3-B72D-47B6-A68D-7590B98EB39B}
		{937EDC4E-8B52-4ACC-AA40-4E46697A1BBB} = {827E0CD3-B72D-47B6-A68D-7590B98EB39B}
		{F5A4B5C6-D7E8-49F0-A1B2-C3D4E5F6A7B8} = {827E0CD3-B72D-47B6-A68D-7590B98EB39B}
	EndGlobalSection
EndGlobal
